// !$*UTF8*$!
{
	archiveVersion = 1;
	classes = {
	};
	objectVersion = 46;
	objects = {

/* Begin PBXBuildFile section */
		3FBB3E541417055F00588168 /* UIKit.framework in Frameworks */ = {isa = PBXBuildFile; fileRef = 3FBB3E531417055F00588168 /* UIKit.framework */; };
		3FBB3E561417055F00588168 /* Foundation.framework in Frameworks */ = {isa = PBXBuildFile; fileRef = 3FBB3E551417055F00588168 /* Foundation.framework */; };
		3FBB3E581417055F00588168 /* CoreGraphics.framework in Frameworks */ = {isa = PBXBuildFile; fileRef = 3FBB3E571417055F00588168 /* CoreGraphics.framework */; };
		3FBB3E5E1417055F00588168 /* InfoPlist.strings in Resources */ = {isa = PBXBuildFile; fileRef = 3FBB3E5C1417055F00588168 /* InfoPlist.strings */; };
		3FBB3E601417055F00588168 /* main.m in Sources */ = {isa = PBXBuildFile; fileRef = 3FBB3E5F1417055F00588168 /* main.m */; };
		3FBB3E641417055F00588168 /* gridviewAppDelegate.m in Sources */ = {isa = PBXBuildFile; fileRef = 3FBB3E631417055F00588168 /* gridviewAppDelegate.m */; };
		3FBB3E671417055F00588168 /* MainWindow.xib in Resources */ = {isa = PBXBuildFile; fileRef = 3FBB3E651417055F00588168 /* MainWindow.xib */; };
/* End PBXBuildFile section */

/* Begin PBXFileReference section */
		3FBB3E4F1417055F00588168 /* gridview.app */ = {isa = PBXFileReference; explicitFileType = wrapper.application; includeInIndex = 0; path = gridview.app; sourceTree = BUILT_PRODUCTS_DIR; };
		3FBB3E531417055F00588168 /* UIKit.framework */ = {isa = PBXFileReference; lastKnownFileType = wrapper.framework; name = UIKit.framework; path = System/Library/Frameworks/UIKit.framework; sourceTree = SDKROOT; };
		3FBB3E551417055F00588168 /* Foundation.framework */ = {isa = PBXFileReference; lastKnownFileType = wrapper.framework; name = Foundation.framework; path = System/Library/Frameworks/Foundation.framework; sourceTree = SDKROOT; };
		3FBB3E571417055F00588168 /* CoreGraphics.framework */ = {isa = PBXFileReference; lastKnownFileType = wrapper.framework; name = CoreGraphics.framework; path = System/Library/Frameworks/CoreGraphics.framework; sourceTree = SDKROOT; };
		3FBB3E5B1417055F00588168 /* gridview-Info.plist */ = {isa = PBXFileReference; path = "gridview-Info.plist"; sourceTree = "<group>"; };
		3FBB3E5D1417055F00588168 /* en */ = {isa = PBXFileReference; lastKnownFileType = text.plist.strings; name = en; path = en.lproj/InfoPlist.strings; sourceTree = "<group>"; };
		3FBB3E5F1417055F00588168 /* main.m */ = {isa = PBXFileReference; lastKnownFileType = sourcecode.c.objc; path = main.m; sourceTree = "<group>"; };
		3FBB3E611417055F00588168 /* gridview-Prefix.pch */ = {isa = PBXFileReference; path = "gridview-Prefix.pch"; sourceTree = "<group>"; };
		3FBB3E621417055F00588168 /* gridviewAppDelegate.h */ = {isa = PBXFileReference; path = gridviewAppDelegate.h; sourceTree = "<group>"; };
		3FBB3E631417055F00588168 /* gridviewAppDelegate.m */ = {isa = PBXFileReference; lastKnownFileType = sourcecode.c.objc; path = gridviewAppDelegate.m; sourceTree = "<group>"; };
		3FBB3E661417055F00588168 /* en */ = {isa = PBXFileReference; lastKnownFileType = file.xib; name = en; path = en.lproj/MainWindow.xib; sourceTree = "<group>"; };
/* End PBXFileReference section */

/* Begin PBXFrameworksBuildPhase section */
		3FBB3E4C1417055F00588168 /* Frameworks */ = {
			isa = PBXFrameworksBuildPhase;
			buildActionMask = 2147483647;
			files = (
				3FBB3E541417055F00588168 /* UIKit.framework in Frameworks */,
				3FBB3E561417055F00588168 /* Foundation.framework in Frameworks */,
				3FBB3E581417055F00588168 /* CoreGraphics.framework in Frameworks */,
			);
			runOnlyForDeploymentPostprocessing = 0;
		};
/* End PBXFrameworksBuildPhase section */

/* Begin PBXGroup section */
		3FBB3E441417055F00588168 = {
			isa = PBXGroup;
			children = (
				3FBB3E591417055F00588168 /* gridview */,
				3FBB3E521417055F00588168 /* Frameworks */,
				3FBB3E501417055F00588168 /* Products */,
			);
			sourceTree = "<group>";
		};
		3FBB3E501417055F00588168 /* Products */ = {
			isa = PBXGroup;
			children = (
				3FBB3E4F1417055F00588168 /* gridview.app */,
			);
			name = Products;
			sourceTree = "<group>";
		};
		3FBB3E521417055F00588168 /* Frameworks */ = {
			isa = PBXGroup;
			children = (
				3FBB3E531417055F00588168 /* UIKit.framework */,
				3FBB3E551417055F00588168 /* Foundation.framework */,
				3FBB3E571417055F00588168 /* CoreGraphics.framework */,
			);
			name = Frameworks;
			sourceTree = "<group>";
		};
		3FBB3E591417055F00588168 /* gridview */ = {
			isa = PBXGroup;
			children = (
				3FBB3E621417055F00588168 /* gridviewAppDelegate.h */,
				3FBB3E631417055F00588168 /* gridviewAppDelegate.m */,
				3FBB3E651417055F00588168 /* MainWindow.xib */,
				3FBB3E5A1417055F00588168 /* Supporting Files */,
			);
			path = gridview;
			sourceTree = "<group>";
		};
		3FBB3E5A1417055F00588168 /* Supporting Files */ = {
			isa = PBXGroup;
			children = (
				3FBB3E5B1417055F00588168 /* gridview-Info.plist */,
				3FBB3E5C1417055F00588168 /* InfoPlist.strings */,
				3FBB3E5F1417055F00588168 /* main.m */,
				3FBB3E611417055F00588168 /* gridview-Prefix.pch */,
			);
			name = "Supporting Files";
			sourceTree = "<group>";
		};
/* End PBXGroup section */

/* Begin PBXNativeTarget section */
		3FBB3E4E1417055F00588168 /* gridview */ = {
			isa = PBXNativeTarget;
			buildConfigurationList = 3FBB3E6A1417055F00588168 /* Build configuration list for PBXNativeTarget "gridview" */;
			buildPhases = (
				3FBB3E4B1417055F00588168 /* Sources */,
				3FBB3E4C1417055F00588168 /* Frameworks */,
				3FBB3E4D1417055F00588168 /* Resources */,
			);
			buildRules = (
			);
			dependencies = (
			);
			name = gridview;
			productName = gridview;
			productReference = 3FBB3E4F1417055F00588168 /* gridview.app */;
			productType = "com.apple.product-type.application";
		};
/* End PBXNativeTarget section */

/* Begin PBXProject section */
		3FBB3E461417055F00588168 /* Project object */ = {
			isa = PBXProject;
			buildConfigurationList = 3FBB3E491417055F00588168 /* Build configuration list for PBXProject "gridview" */;
			compatibilityVersion = "Xcode 3.2";
			developmentRegion = English;
			hasScannedForEncodings = 0;
			knownRegions = (
				en,
			);
			mainGroup = 3FBB3E441417055F00588168;
			productRefGroup = 3FBB3E501417055F00588168 /* Products */;
			projectDirPath = "";
			projectRoot = "";
			targets = (
				3FBB3E4E1417055F00588168 /* gridview */,
			);
		};
/* End PBXProject section */

/* Begin PBXResourcesBuildPhase section */
		3FBB3E4D1417055F00588168 /* Resources */ = {
			isa = PBXResourcesBuildPhase;
			buildActionMask = 2147483647;
			files = (
				3FBB3E5E1417055F00588168 /* InfoPlist.strings in Resources */,
				3FBB3E671417055F00588168 /* MainWindow.xib in Resources */,
			);
			runOnlyForDeploymentPostprocessing = 0;
		};
/* End PBXResourcesBuildPhase section */

/* Begin PBXSourcesBuildPhase section */
		3FBB3E4B1417055F00588168 /* Sources */ = {
			isa = PBXSourcesBuildPhase;
			buildActionMask = 2147483647;
			files = (
				3FBB3E601417055F00588168 /* main.m in Sources */,
				3FBB3E641417055F00588168 /* gridviewAppDelegate.m in Sources */,
			);
			runOnlyForDeploymentPostprocessing = 0;
		};
/* End PBXSourcesBuildPhase section */

/* Begin PBXVariantGroup section */
		3FBB3E5C1417055F00588168 /* InfoPlist.strings */ = {
			isa = PBXVariantGroup;
			children = (
				3FBB3E5D1417055F00588168 /* en */,
			);
			name = InfoPlist.strings;
			sourceTree = "<group>";
		};
		3FBB3E651417055F00588168 /* MainWindow.xib */ = {
			isa = PBXVariantGroup;
			children = (
				3FBB3E661417055F00588168 /* en */,
			);
			name = MainWindow.xib;
			sourceTree = "<group>";
		};
/* End PBXVariantGroup section */

/* Begin XCBuildConfiguration section */
		3FBB3E681417055F00588168 /* Debug */ = {
			isa = XCBuildConfiguration;
			buildSettings = {
				ALWAYS_SEARCH_USER_PATHS = NO;
				ARCHS = "$(ARCHS_STANDARD_32_BIT)";
				"CODE_SIGN_IDENTITY[sdk=iphoneos*]" = "iPhone Developer";
				COPY_PHASE_STRIP = NO;
				GCC_C_LANGUAGE_STANDARD = gnu99;
				GCC_DYNAMIC_NO_PIC = NO;
				GCC_OPTIMIZATION_LEVEL = 0;
				GCC_PREPROCESSOR_DEFINITIONS = (
					"DEBUG=1",
					"$(inherited)",
				);
				GCC_SYMBOLS_PRIVATE_EXTERN = NO;
				GCC_VERSION = com.apple.compilers.llvmgcc42;
				GCC_WARN_ABOUT_MISSING_PROTOTYPES = YES;
				GCC_WARN_ABOUT_RETURN_TYPE = YES;
				GCC_WARN_UNUSED_VARIABLE = YES;
				IPHONEOS_DEPLOYMENT_TARGET = 4.3;
				SDKROOT = iphoneos;
			};
			name = Debug;
		};
		3FBB3E691417055F00588168 /* Release */ = {
			isa = XCBuildConfiguration;
			buildSettings = {
				ALWAYS_SEARCH_USER_PATHS = NO;
				ARCHS = "$(ARCHS_STANDARD_32_BIT)";
				"CODE_SIGN_IDENTITY[sdk=iphoneos*]" = "iPhone Developer";
				COPY_PHASE_STRIP = YES;
				GCC_C_LANGUAGE_STANDARD = gnu99;
				GCC_VERSION = com.apple.compilers.llvmgcc42;
				GCC_WARN_ABOUT_MISSING_PROTOTYPES = YES;
				GCC_WARN_ABOUT_RETURN_TYPE = YES;
				GCC_WARN_UNUSED_VARIABLE = YES;
				IPHONEOS_DEPLOYMENT_TARGET = 4.3;
				OTHER_CFLAGS = "-DNS_BLOCK_ASSERTIONS=1";
				SDKROOT = iphoneos;
				VALIDATE_PRODUCT = YES;
			};
			name = Release;
		};
		3FBB3E6B1417055F00588168 /* Debug */ = {
			isa = XCBuildConfiguration;
			buildSettings = {
				GCC_PRECOMPILE_PREFIX_HEADER = YES;
				GCC_PREFIX_HEADER = "gridview/gridview-Prefix.pch";
				INFOPLIST_FILE = "gridview/gridview-Info.plist";
				PRODUCT_NAME = "$(TARGET_NAME)";
				WRAPPER_EXTENSION = app;
			};
			name = Debug;
		};
		3FBB3E6C1417055F00588168 /* Release */ = {
			isa = XCBuildConfiguration;
			buildSettings = {
				GCC_PRECOMPILE_PREFIX_HEADER = YES;
				GCC_PREFIX_HEADER = "gridview/gridview-Prefix.pch";
				INFOPLIST_FILE = "gridview/gridview-Info.plist";
				PRODUCT_NAME = "$(TARGET_NAME)";
				WRAPPER_EXTENSION = app;
			};
			name = Release;
		};
/* End XCBuildConfiguration section */

/* Begin XCConfigurationList section */
		3FBB3E491417055F00588168 /* Build configuration list for PBXProject "gridview" */ = {
			isa = XCConfigurationList;
			buildConfigurations = (
				3FBB3E681417055F00588168 /* Debug */,
				3FBB3E691417055F00588168 /* Release */,
			);
			defaultConfigurationIsVisible = 0;
			defaultConfigurationName = Release;
		};
		3FBB3E6A1417055F00588168 /* Build configuration list for PBXNativeTarget "gridview" */ = {
			isa = XCConfigurationList;
			buildConfigurations = (
				3FBB3E6B1417055F00588168 /* Debug */,
				3FBB3E6C1417055F00588168 /* Release */,
			);
			defaultConfigurationIsVisible = 0;
		};
/* End XCConfigurationList section */
	};
	rootObject = 3FBB3E461417055F00588168 /* Project object */;
}
